// !$*UTF8*$!
{
	archiveVersion = 1;
	classes = {
	};
	objectVersion = 56;
	objects = {

/* Begin PBXBuildFile section */
		23A1B2BE2AF3F8A90072141A /* AppDelegate.swift in Sources */ = {isa = PBXBuildFile; fileRef = 23A1B2BD2AF3F8A90072141A /* AppDelegate.swift */; };
		23A1B2C72AF3F8AA0072141A /* Assets.xcassets in Resources */ = {isa = PBXBuildFile; fileRef = 23A1B2C62AF3F8AA0072141A /* Assets.xcassets */; };
		23A1B2CA2AF3F8AA0072141A /* LaunchScreen.storyboard in Resources */ = {isa = PBXBuildFile; fileRef = 23A1B2C82AF3F8AA0072141A /* LaunchScreen.storyboard */; };
		23A1B2D52AF3F9350072141A /* UserModel.swift in Sources */ = {isa = PBXBuildFile; fileRef = 23A1B2D42AF3F9350072141A /* UserModel.swift */; };
		23A1B2D72AF3F9410072141A /* StartViews.swift in Sources */ = {isa = PBXBuildFile; fileRef = 23A1B2D62AF3F9410072141A /* StartViews.swift */; };
		23A1B2D92AF3F9900072141A /* StartScreenController.swift in Sources */ = {isa = PBXBuildFile; fileRef = 23A1B2D82AF3F9900072141A /* StartScreenController.swift */; };
		23A1B2DB2AF3F9EE0072141A /* AuthorizationViewController.swift in Sources */ = {isa = PBXBuildFile; fileRef = 23A1B2DA2AF3F9EE0072141A /* AuthorizationViewController.swift */; };
		23A1B2DD2AF3FA020072141A /* RegistrationViewController.swift in Sources */ = {isa = PBXBuildFile; fileRef = 23A1B2DC2AF3FA020072141A /* RegistrationViewController.swift */; };
		23A1B2E22AF3FA550072141A /* Localizable.strings in Resources */ = {isa = PBXBuildFile; fileRef = 23A1B2E42AF3FA550072141A /* Localizable.strings */; };
		23A1B2E72AF3FB510072141A /* LocalizationOfStrings.swift in Sources */ = {isa = PBXBuildFile; fileRef = 23A1B2E62AF3FB510072141A /* LocalizationOfStrings.swift */; };
		23A1B3412AF68BA60072141A /* AppCoordinator.swift in Sources */ = {isa = PBXBuildFile; fileRef = 23A1B3402AF68BA60072141A /* AppCoordinator.swift */; };
		23A1B3442AF68BD60072141A /* CoordinatorProtocol.swift in Sources */ = {isa = PBXBuildFile; fileRef = 23A1B3432AF68BD60072141A /* CoordinatorProtocol.swift */; };
		23A1B3502AF7883D0072141A /* AuthorizationViews.swift in Sources */ = {isa = PBXBuildFile; fileRef = 23A1B34F2AF7883D0072141A /* AuthorizationViews.swift */; };
		23A1B3522AF7884A0072141A /* RegistrationViews.swift in Sources */ = {isa = PBXBuildFile; fileRef = 23A1B3512AF7884A0072141A /* RegistrationViews.swift */; };
		23A1B3542AF7DDC00072141A /* Extension+Strings.swift in Sources */ = {isa = PBXBuildFile; fileRef = 23A1B3532AF7DDC00072141A /* Extension+Strings.swift */; };
		23A1B3572AF7E6FB0072141A /* TableViewController.swift in Sources */ = {isa = PBXBuildFile; fileRef = 23A1B3562AF7E6FB0072141A /* TableViewController.swift */; };
		23A1B3592AF7FBF30072141A /* GoogleService-Info.plist in Resources */ = {isa = PBXBuildFile; fileRef = 23A1B3582AF7FBF30072141A /* GoogleService-Info.plist */; };
		23A1B35C2AF7FD210072141A /* FirebaseAnalytics in Frameworks */ = {isa = PBXBuildFile; productRef = 23A1B35B2AF7FD210072141A /* FirebaseAnalytics */; };
		23A1B35E2AF7FD210072141A /* FirebaseAnalyticsOnDeviceConversion in Frameworks */ = {isa = PBXBuildFile; productRef = 23A1B35D2AF7FD210072141A /* FirebaseAnalyticsOnDeviceConversion */; };
		23A1B3602AF7FD210072141A /* FirebaseAnalyticsSwift in Frameworks */ = {isa = PBXBuildFile; productRef = 23A1B35F2AF7FD210072141A /* FirebaseAnalyticsSwift */; };
		23A1B3622AF7FD210072141A /* FirebaseAnalyticsWithoutAdIdSupport in Frameworks */ = {isa = PBXBuildFile; productRef = 23A1B3612AF7FD210072141A /* FirebaseAnalyticsWithoutAdIdSupport */; };
		23A1B3642AF7FD210072141A /* FirebaseAppCheck in Frameworks */ = {isa = PBXBuildFile; productRef = 23A1B3632AF7FD210072141A /* FirebaseAppCheck */; };
/* End PBXBuildFile section */

/* Begin PBXFileReference section */
		23A1B2BA2AF3F8A90072141A /* Messanger_Test.app */ = {isa = PBXFileReference; explicitFileType = wrapper.application; includeInIndex = 0; path = Messanger_Test.app; sourceTree = BUILT_PRODUCTS_DIR; };
		23A1B2BD2AF3F8A90072141A /* AppDelegate.swift */ = {isa = PBXFileReference; lastKnownFileType = sourcecode.swift; path = AppDelegate.swift; sourceTree = "<group>"; };
		23A1B2C62AF3F8AA0072141A /* Assets.xcassets */ = {isa = PBXFileReference; lastKnownFileType = folder.assetcatalog; path = Assets.xcassets; sourceTree = "<group>"; };
		23A1B2C92AF3F8AA0072141A /* Base */ = {isa = PBXFileReference; lastKnownFileType = file.storyboard; name = Base; path = Base.lproj/LaunchScreen.storyboard; sourceTree = "<group>"; };
		23A1B2CB2AF3F8AA0072141A /* Info.plist */ = {isa = PBXFileReference; lastKnownFileType = text.plist.xml; path = Info.plist; sourceTree = "<group>"; };
		23A1B2D42AF3F9350072141A /* UserModel.swift */ = {isa = PBXFileReference; lastKnownFileType = sourcecode.swift; path = UserModel.swift; sourceTree = "<group>"; };
		23A1B2D62AF3F9410072141A /* StartViews.swift */ = {isa = PBXFileReference; lastKnownFileType = sourcecode.swift; path = StartViews.swift; sourceTree = "<group>"; };
		23A1B2D82AF3F9900072141A /* StartScreenController.swift */ = {isa = PBXFileReference; lastKnownFileType = sourcecode.swift; path = StartScreenController.swift; sourceTree = "<group>"; };
		23A1B2DA2AF3F9EE0072141A /* AuthorizationViewController.swift */ = {isa = PBXFileReference; lastKnownFileType = sourcecode.swift; path = AuthorizationViewController.swift; sourceTree = "<group>"; };
		23A1B2DC2AF3FA020072141A /* RegistrationViewController.swift */ = {isa = PBXFileReference; lastKnownFileType = sourcecode.swift; path = RegistrationViewController.swift; sourceTree = "<group>"; };
		23A1B2E12AF3FA4F0072141A /* ru */ = {isa = PBXFileReference; lastKnownFileType = text.plist.strings; name = ru; path = ru.lproj/LaunchScreen.strings; sourceTree = "<group>"; };
		23A1B2E32AF3FA550072141A /* ru */ = {isa = PBXFileReference; lastKnownFileType = text.plist.strings; name = ru; path = ru.lproj/Localizable.strings; sourceTree = "<group>"; };
		23A1B2E52AF3FA5A0072141A /* en */ = {isa = PBXFileReference; lastKnownFileType = text.plist.strings; name = en; path = en.lproj/Localizable.strings; sourceTree = "<group>"; };
		23A1B2E62AF3FB510072141A /* LocalizationOfStrings.swift */ = {isa = PBXFileReference; lastKnownFileType = sourcecode.swift; path = LocalizationOfStrings.swift; sourceTree = "<group>"; };
		23A1B3402AF68BA60072141A /* AppCoordinator.swift */ = {isa = PBXFileReference; lastKnownFileType = sourcecode.swift; path = AppCoordinator.swift; sourceTree = "<group>"; };
		23A1B3432AF68BD60072141A /* CoordinatorProtocol.swift */ = {isa = PBXFileReference; lastKnownFileType = sourcecode.swift; path = CoordinatorProtocol.swift; sourceTree = "<group>"; };
		23A1B34F2AF7883D0072141A /* AuthorizationViews.swift */ = {isa = PBXFileReference; lastKnownFileType = sourcecode.swift; path = AuthorizationViews.swift; sourceTree = "<group>"; };
		23A1B3512AF7884A0072141A /* RegistrationViews.swift */ = {isa = PBXFileReference; lastKnownFileType = sourcecode.swift; path = RegistrationViews.swift; sourceTree = "<group>"; };
		23A1B3532AF7DDC00072141A /* Extension+Strings.swift */ = {isa = PBXFileReference; lastKnownFileType = sourcecode.swift; path = "Extension+Strings.swift"; sourceTree = "<group>"; };
		23A1B3562AF7E6FB0072141A /* TableViewController.swift */ = {isa = PBXFileReference; lastKnownFileType = sourcecode.swift; path = TableViewController.swift; sourceTree = "<group>"; };
		23A1B3582AF7FBF30072141A /* GoogleService-Info.plist */ = {isa = PBXFileReference; fileEncoding = 4; lastKnownFileType = text.plist.xml; name = "GoogleService-Info.plist"; path = "../../../../Downloads/GoogleService-Info.plist"; sourceTree = "<group>"; };
/* End PBXFileReference section */

/* Begin PBXFrameworksBuildPhase section */
		23A1B2B72AF3F8A90072141A /* Frameworks */ = {
			isa = PBXFrameworksBuildPhase;
			buildActionMask = 2147483647;
			files = (
				23A1B3602AF7FD210072141A /* FirebaseAnalyticsSwift in Frameworks */,
				23A1B35C2AF7FD210072141A /* FirebaseAnalytics in Frameworks */,
				23A1B35E2AF7FD210072141A /* FirebaseAnalyticsOnDeviceConversion in Frameworks */,
				23A1B3642AF7FD210072141A /* FirebaseAppCheck in Frameworks */,
				23A1B3622AF7FD210072141A /* FirebaseAnalyticsWithoutAdIdSupport in Frameworks */,
			);
			runOnlyForDeploymentPostprocessing = 0;
		};
/* End PBXFrameworksBuildPhase section */

/* Begin PBXGroup section */
		2311375B2AFD353F00467AC8 /* Supported */ = {
			isa = PBXGroup;
			children = (
				23A1B2C62AF3F8AA0072141A /* Assets.xcassets */,
			);
			path = Supported;
			sourceTree = "<group>";
		};
		2359E7C12AF8F01C009067C7 /* Extensions */ = {
			isa = PBXGroup;
			children = (
				23A1B3532AF7DDC00072141A /* Extension+Strings.swift */,
			);
			path = Extensions;
			sourceTree = "<group>";
		};
		23A1B2B12AF3F8A90072141A = {
			isa = PBXGroup;
			children = (
				23A1B2BC2AF3F8A90072141A /* Messanger_Test */,
				23A1B2BB2AF3F8A90072141A /* Products */,
			);
			sourceTree = "<group>";
		};
		23A1B2BB2AF3F8A90072141A /* Products */ = {
			isa = PBXGroup;
			children = (
				23A1B2BA2AF3F8A90072141A /* Messanger_Test.app */,
			);
			name = Products;
			sourceTree = "<group>";
		};
		23A1B2BC2AF3F8A90072141A /* Messanger_Test */ = {
			isa = PBXGroup;
			children = (
				23A1B2BD2AF3F8A90072141A /* AppDelegate.swift */,
				2359E7C12AF8F01C009067C7 /* Extensions */,
				23A1B2D12AF3F8E30072141A /* Controllers */,
				23A1B33F2AF68B930072141A /* Coordinator */,
				23A1B3422AF68BBC0072141A /* Protocols */,
				23A1B2DE2AF3FA1C0072141A /* Localizable */,
				23A1B2D32AF3F9150072141A /* Model */,
				23A1B2D22AF3F8ED0072141A /* Views */,
				2311375B2AFD353F00467AC8 /* Supported */,
				23A1B3582AF7FBF30072141A /* GoogleService-Info.plist */,
				23A1B2CB2AF3F8AA0072141A /* Info.plist */,
			);
			path = Messanger_Test;
			sourceTree = "<group>";
		};
		23A1B2D12AF3F8E30072141A /* Controllers */ = {
			isa = PBXGroup;
			children = (
				23A1B2DA2AF3F9EE0072141A /* AuthorizationViewController.swift */,
				23A1B2DC2AF3FA020072141A /* RegistrationViewController.swift */,
				23A1B2D82AF3F9900072141A /* StartScreenController.swift */,
				23A1B3562AF7E6FB0072141A /* TableViewController.swift */,
			);
			path = Controllers;
			sourceTree = "<group>";
		};
		23A1B2D22AF3F8ED0072141A /* Views */ = {
			isa = PBXGroup;
			children = (
				23A1B2D62AF3F9410072141A /* StartViews.swift */,
				23A1B34F2AF7883D0072141A /* AuthorizationViews.swift */,
				23A1B3512AF7884A0072141A /* RegistrationViews.swift */,
				23A1B2C82AF3F8AA0072141A /* LaunchScreen.storyboard */,
			);
			path = Views;
			sourceTree = "<group>";
		};
		23A1B2D32AF3F9150072141A /* Model */ = {
			isa = PBXGroup;
			children = (
				23A1B2D42AF3F9350072141A /* UserModel.swift */,
			);
			path = Model;
			sourceTree = "<group>";
		};
		23A1B2DE2AF3FA1C0072141A /* Localizable */ = {
			isa = PBXGroup;
			children = (
				23A1B2E42AF3FA550072141A /* Localizable.strings */,
				23A1B2E62AF3FB510072141A /* LocalizationOfStrings.swift */,
			);
			path = Localizable;
			sourceTree = "<group>";
		};
		23A1B33F2AF68B930072141A /* Coordinator */ = {
			isa = PBXGroup;
			children = (
				23A1B3402AF68BA60072141A /* AppCoordinator.swift */,
			);
			path = Coordinator;
			sourceTree = "<group>";
		};
		23A1B3422AF68BBC0072141A /* Protocols */ = {
			isa = PBXGroup;
			children = (
				23A1B3432AF68BD60072141A /* CoordinatorProtocol.swift */,
			);
			path = Protocols;
			sourceTree = "<group>";
		};
/* End PBXGroup section */

/* Begin PBXNativeTarget section */
		23A1B2B92AF3F8A90072141A /* Messanger_Test */ = {
			isa = PBXNativeTarget;
			buildConfigurationList = 23A1B2CE2AF3F8AA0072141A /* Build configuration list for PBXNativeTarget "Messanger_Test" */;
			buildPhases = (
				23A1B2B62AF3F8A90072141A /* Sources */,
				23A1B2B72AF3F8A90072141A /* Frameworks */,
				23A1B2B82AF3F8A90072141A /* Resources */,
			);
			buildRules = (
			);
			dependencies = (
			);
			name = Messanger_Test;
			packageProductDependencies = (
				23A1B35B2AF7FD210072141A /* FirebaseAnalytics */,
				23A1B35D2AF7FD210072141A /* FirebaseAnalyticsOnDeviceConversion */,
				23A1B35F2AF7FD210072141A /* FirebaseAnalyticsSwift */,
				23A1B3612AF7FD210072141A /* FirebaseAnalyticsWithoutAdIdSupport */,
				23A1B3632AF7FD210072141A /* FirebaseAppCheck */,
			);
			productName = Messanger_Test;
			productReference = 23A1B2BA2AF3F8A90072141A /* Messanger_Test.app */;
			productType = "com.apple.product-type.application";
		};
/* End PBXNativeTarget section */

/* Begin PBXProject section */
		23A1B2B22AF3F8A90072141A /* Project object */ = {
			isa = PBXProject;
			attributes = {
				BuildIndependentTargetsInParallel = 1;
				LastSwiftUpdateCheck = 1500;
				LastUpgradeCheck = 1500;
				TargetAttributes = {
					23A1B2B92AF3F8A90072141A = {
						CreatedOnToolsVersion = 15.0.1;
					};
				};
			};
			buildConfigurationList = 23A1B2B52AF3F8A90072141A /* Build configuration list for PBXProject "Messanger_Test" */;
			compatibilityVersion = "Xcode 14.0";
			developmentRegion = en;
			hasScannedForEncodings = 0;
			knownRegions = (
				en,
				Base,
				ru,
			);
			mainGroup = 23A1B2B12AF3F8A90072141A;
			packageReferences = (
				23A1B35A2AF7FD210072141A /* XCRemoteSwiftPackageReference "firebase-ios-sdk" */,
			);
			productRefGroup = 23A1B2BB2AF3F8A90072141A /* Products */;
			projectDirPath = "";
			projectRoot = "";
			targets = (
				23A1B2B92AF3F8A90072141A /* Messanger_Test */,
			);
		};
/* End PBXProject section */

/* Begin PBXResourcesBuildPhase section */
		23A1B2B82AF3F8A90072141A /* Resources */ = {
			isa = PBXResourcesBuildPhase;
			buildActionMask = 2147483647;
			files = (
				23A1B2CA2AF3F8AA0072141A /* LaunchScreen.storyboard in Resources */,
				23A1B3592AF7FBF30072141A /* GoogleService-Info.plist in Resources */,
				23A1B2E22AF3FA550072141A /* Localizable.strings in Resources */,
				23A1B2C72AF3F8AA0072141A /* Assets.xcassets in Resources */,
			);
			runOnlyForDeploymentPostprocessing = 0;
		};
/* End PBXResourcesBuildPhase section */

/* Begin PBXSourcesBuildPhase section */
		23A1B2B62AF3F8A90072141A /* Sources */ = {
			isa = PBXSourcesBuildPhase;
			buildActionMask = 2147483647;
			files = (
				23A1B2DB2AF3F9EE0072141A /* AuthorizationViewController.swift in Sources */,
				23A1B2DD2AF3FA020072141A /* RegistrationViewController.swift in Sources */,
				23A1B3572AF7E6FB0072141A /* TableViewController.swift in Sources */,
				23A1B3442AF68BD60072141A /* CoordinatorProtocol.swift in Sources */,
				23A1B2E72AF3FB510072141A /* LocalizationOfStrings.swift in Sources */,
				23A1B2BE2AF3F8A90072141A /* AppDelegate.swift in Sources */,
				23A1B2D92AF3F9900072141A /* StartScreenController.swift in Sources */,
				23A1B3502AF7883D0072141A /* AuthorizationViews.swift in Sources */,
				23A1B3412AF68BA60072141A /* AppCoordinator.swift in Sources */,
				23A1B3542AF7DDC00072141A /* Extension+Strings.swift in Sources */,
				23A1B3522AF7884A0072141A /* RegistrationViews.swift in Sources */,
				23A1B2D52AF3F9350072141A /* UserModel.swift in Sources */,
				23A1B2D72AF3F9410072141A /* StartViews.swift in Sources */,
			);
			runOnlyForDeploymentPostprocessing = 0;
		};
/* End PBXSourcesBuildPhase section */

/* Begin PBXVariantGroup section */
		23A1B2C82AF3F8AA0072141A /* LaunchScreen.storyboard */ = {
			isa = PBXVariantGroup;
			children = (
				23A1B2C92AF3F8AA0072141A /* Base */,
				23A1B2E12AF3FA4F0072141A /* ru */,
			);
			name = LaunchScreen.storyboard;
			sourceTree = "<group>";
		};
		23A1B2E42AF3FA550072141A /* Localizable.strings */ = {
			isa = PBXVariantGroup;
			children = (
				23A1B2E32AF3FA550072141A /* ru */,
				23A1B2E52AF3FA5A0072141A /* en */,
			);
			name = Localizable.strings;
			sourceTree = "<group>";
		};
/* End PBXVariantGroup section */

/* Begin XCBuildConfiguration section */
		23A1B2CC2AF3F8AA0072141A /* Debug */ = {
			isa = XCBuildConfiguration;
			buildSettings = {
				ALWAYS_SEARCH_USER_PATHS = NO;
				ASSETCATALOG_COMPILER_GENERATE_SWIFT_ASSET_SYMBOL_EXTENSIONS = YES;
				CLANG_ANALYZER_LOCALIZABILITY_NONLOCALIZED = YES;
				CLANG_ANALYZER_NONNULL = YES;
				CLANG_ANALYZER_NUMBER_OBJECT_CONVERSION = YES_AGGRESSIVE;
				CLANG_CXX_LANGUAGE_STANDARD = "gnu++20";
				CLANG_ENABLE_MODULES = YES;
				CLANG_ENABLE_OBJC_ARC = YES;
				CLANG_ENABLE_OBJC_WEAK = YES;
				CLANG_WARN_BLOCK_CAPTURE_AUTORELEASING = YES;
				CLANG_WARN_BOOL_CONVERSION = YES;
				CLANG_WARN_COMMA = YES;
				CLANG_WARN_CONSTANT_CONVERSION = YES;
				CLANG_WARN_DEPRECATED_OBJC_IMPLEMENTATIONS = YES;
				CLANG_WARN_DIRECT_OBJC_ISA_USAGE = YES_ERROR;
				CLANG_WARN_DOCUMENTATION_COMMENTS = YES;
				CLANG_WARN_EMPTY_BODY = YES;
				CLANG_WARN_ENUM_CONVERSION = YES;
				CLANG_WARN_INFINITE_RECURSION = YES;
				CLANG_WARN_INT_CONVERSION = YES;
				CLANG_WARN_NON_LITERAL_NULL_CONVERSION = YES;
				CLANG_WARN_OBJC_IMPLICIT_RETAIN_SELF = YES;
				CLANG_WARN_OBJC_LITERAL_CONVERSION = YES;
				CLANG_WARN_OBJC_ROOT_CLASS = YES_ERROR;
				CLANG_WARN_QUOTED_INCLUDE_IN_FRAMEWORK_HEADER = YES;
				CLANG_WARN_RANGE_LOOP_ANALYSIS = YES;
				CLANG_WARN_STRICT_PROTOTYPES = YES;
				CLANG_WARN_SUSPICIOUS_MOVE = YES;
				CLANG_WARN_UNGUARDED_AVAILABILITY = YES_AGGRESSIVE;
				CLANG_WARN_UNREACHABLE_CODE = YES;
				CLANG_WARN__DUPLICATE_METHOD_MATCH = YES;
				COPY_PHASE_STRIP = NO;
				DEBUG_INFORMATION_FORMAT = dwarf;
				ENABLE_STRICT_OBJC_MSGSEND = YES;
				ENABLE_TESTABILITY = YES;
				ENABLE_USER_SCRIPT_SANDBOXING = YES;
				GCC_C_LANGUAGE_STANDARD = gnu17;
				GCC_DYNAMIC_NO_PIC = NO;
				GCC_NO_COMMON_BLOCKS = YES;
				GCC_OPTIMIZATION_LEVEL = 0;
				GCC_PREPROCESSOR_DEFINITIONS = (
					"DEBUG=1",
					"$(inherited)",
				);
				GCC_WARN_64_TO_32_BIT_CONVERSION = YES;
				GCC_WARN_ABOUT_RETURN_TYPE = YES_ERROR;
				GCC_WARN_UNDECLARED_SELECTOR = YES;
				GCC_WARN_UNINITIALIZED_AUTOS = YES_AGGRESSIVE;
				GCC_WARN_UNUSED_FUNCTION = YES;
				GCC_WARN_UNUSED_VARIABLE = YES;
				IPHONEOS_DEPLOYMENT_TARGET = 17.0;
				LOCALIZATION_PREFERS_STRING_CATALOGS = YES;
				MTL_ENABLE_DEBUG_INFO = INCLUDE_SOURCE;
				MTL_FAST_MATH = YES;
				ONLY_ACTIVE_ARCH = YES;
				SDKROOT = iphoneos;
				SWIFT_ACTIVE_COMPILATION_CONDITIONS = "DEBUG $(inherited)";
				SWIFT_OPTIMIZATION_LEVEL = "-Onone";
			};
			name = Debug;
		};
		23A1B2CD2AF3F8AA0072141A /* Release */ = {
			isa = XCBuildConfiguration;
			buildSettings = {
				ALWAYS_SEARCH_USER_PATHS = NO;
				ASSETCATALOG_COMPILER_GENERATE_SWIFT_ASSET_SYMBOL_EXTENSIONS = YES;
				CLANG_ANALYZER_LOCALIZABILITY_NONLOCALIZED = YES;
				CLANG_ANALYZER_NONNULL = YES;
				CLANG_ANALYZER_NUMBER_OBJECT_CONVERSION = YES_AGGRESSIVE;
				CLANG_CXX_LANGUAGE_STANDARD = "gnu++20";
				CLANG_ENABLE_MODULES = YES;
				CLANG_ENABLE_OBJC_ARC = YES;
				CLANG_ENABLE_OBJC_WEAK = YES;
				CLANG_WARN_BLOCK_CAPTURE_AUTORELEASING = YES;
				CLANG_WARN_BOOL_CONVERSION = YES;
				CLANG_WARN_COMMA = YES;
				CLANG_WARN_CONSTANT_CONVERSION = YES;
				CLANG_WARN_DEPRECATED_OBJC_IMPLEMENTATIONS = YES;
				CLANG_WARN_DIRECT_OBJC_ISA_USAGE = YES_ERROR;
				CLANG_WARN_DOCUMENTATION_COMMENTS = YES;
				CLANG_WARN_EMPTY_BODY = YES;
				CLANG_WARN_ENUM_CONVERSION = YES;
				CLANG_WARN_INFINITE_RECURSION = YES;
				CLANG_WARN_INT_CONVERSION = YES;
				CLANG_WARN_NON_LITERAL_NULL_CONVERSION = YES;
				CLANG_WARN_OBJC_IMPLICIT_RETAIN_SELF = YES;
				CLANG_WARN_OBJC_LITERAL_CONVERSION = YES;
				CLANG_WARN_OBJC_ROOT_CLASS = YES_ERROR;
				CLANG_WARN_QUOTED_INCLUDE_IN_FRAMEWORK_HEADER = YES;
				CLANG_WARN_RANGE_LOOP_ANALYSIS = YES;
				CLANG_WARN_STRICT_PROTOTYPES = YES;
				CLANG_WARN_SUSPICIOUS_MOVE = YES;
				CLANG_WARN_UNGUARDED_AVAILABILITY = YES_AGGRESSIVE;
				CLANG_WARN_UNREACHABLE_CODE = YES;
				CLANG_WARN__DUPLICATE_METHOD_MATCH = YES;
				COPY_PHASE_STRIP = NO;
				DEBUG_INFORMATION_FORMAT = "dwarf-with-dsym";
				ENABLE_NS_ASSERTIONS = NO;
				ENABLE_STRICT_OBJC_MSGSEND = YES;
				ENABLE_USER_SCRIPT_SANDBOXING = YES;
				GCC_C_LANGUAGE_STANDARD = gnu17;
				GCC_NO_COMMON_BLOCKS = YES;
				GCC_WARN_64_TO_32_BIT_CONVERSION = YES;
				GCC_WARN_ABOUT_RETURN_TYPE = YES_ERROR;
				GCC_WARN_UNDECLARED_SELECTOR = YES;
				GCC_WARN_UNINITIALIZED_AUTOS = YES_AGGRESSIVE;
				GCC_WARN_UNUSED_FUNCTION = YES;
				GCC_WARN_UNUSED_VARIABLE = YES;
				IPHONEOS_DEPLOYMENT_TARGET = 17.0;
				LOCALIZATION_PREFERS_STRING_CATALOGS = YES;
				MTL_ENABLE_DEBUG_INFO = NO;
				MTL_FAST_MATH = YES;
				SDKROOT = iphoneos;
				SWIFT_COMPILATION_MODE = wholemodule;
				VALIDATE_PRODUCT = YES;
			};
			name = Release;
		};
		23A1B2CF2AF3F8AA0072141A /* Debug */ = {
			isa = XCBuildConfiguration;
			buildSettings = {
				ASSETCATALOG_COMPILER_APPICON_NAME = AppIcon;
				ASSETCATALOG_COMPILER_GLOBAL_ACCENT_COLOR_NAME = AccentColor;
				CODE_SIGN_STYLE = Automatic;
				CURRENT_PROJECT_VERSION = 1;
				DEVELOPMENT_TEAM = 4RAF86LK9V;
				GENERATE_INFOPLIST_FILE = YES;
				INFOPLIST_FILE = Messanger_Test/Info.plist;
				INFOPLIST_KEY_UIApplicationSupportsIndirectInputEvents = YES;
				INFOPLIST_KEY_UILaunchStoryboardName = LaunchScreen;
				INFOPLIST_KEY_UISupportedInterfaceOrientations_iPad = "UIInterfaceOrientationPortrait UIInterfaceOrientationPortraitUpsideDown UIInterfaceOrientationLandscapeLeft UIInterfaceOrientationLandscapeRight";
				INFOPLIST_KEY_UISupportedInterfaceOrientations_iPhone = "UIInterfaceOrientationPortrait UIInterfaceOrientationLandscapeLeft UIInterfaceOrientationLandscapeRight";
				IPHONEOS_DEPLOYMENT_TARGET = 15.0;
				LD_RUNPATH_SEARCH_PATHS = (
					"$(inherited)",
					"@executable_path/Frameworks",
				);
				MARKETING_VERSION = 1.0;
				PRODUCT_BUNDLE_IDENTIFIER = "com.yourcompany.FaceDetectionSystem.Messanger-Test";
				PRODUCT_NAME = "$(TARGET_NAME)";
				SWIFT_EMIT_LOC_STRINGS = YES;
				SWIFT_VERSION = 5.0;
				TARGETED_DEVICE_FAMILY = "1,2";
			};
			name = Debug;
		};
		23A1B2D02AF3F8AA0072141A /* Release */ = {
			isa = XCBuildConfiguration;
			buildSettings = {
				ASSETCATALOG_COMPILER_APPICON_NAME = AppIcon;
				ASSETCATALOG_COMPILER_GLOBAL_ACCENT_COLOR_NAME = AccentColor;
				CODE_SIGN_STYLE = Automatic;
				CURRENT_PROJECT_VERSION = 1;
				DEVELOPMENT_TEAM = 4RAF86LK9V;
				GENERATE_INFOPLIST_FILE = YES;
				INFOPLIST_FILE = Messanger_Test/Info.plist;
				INFOPLIST_KEY_UIApplicationSupportsIndirectInputEvents = YES;
				INFOPLIST_KEY_UILaunchStoryboardName = LaunchScreen;
				INFOPLIST_KEY_UISupportedInterfaceOrientations_iPad = "UIInterfaceOrientationPortrait UIInterfaceOrientationPortraitUpsideDown UIInterfaceOrientationLandscapeLeft UIInterfaceOrientationLandscapeRight";
				INFOPLIST_KEY_UISupportedInterfaceOrientations_iPhone = "UIInterfaceOrientationPortrait UIInterfaceOrientationLandscapeLeft UIInterfaceOrientationLandscapeRight";
				IPHONEOS_DEPLOYMENT_TARGET = 15.0;
				LD_RUNPATH_SEARCH_PATHS = (
					"$(inherited)",
					"@executable_path/Frameworks",
				);
				MARKETING_VERSION = 1.0;
				PRODUCT_BUNDLE_IDENTIFIER = "com.yourcompany.FaceDetectionSystem.Messanger-Test";
				PRODUCT_NAME = "$(TARGET_NAME)";
				SWIFT_EMIT_LOC_STRINGS = YES;
				SWIFT_VERSION = 5.0;
				TARGETED_DEVICE_FAMILY = "1,2";
			};
			name = Release;
		};
/* End XCBuildConfiguration section */

/* Begin XCConfigurationList section */
		23A1B2B52AF3F8A90072141A /* Build configuration list for PBXProject "Messanger_Test" */ = {
			isa = XCConfigurationList;
			buildConfigurations = (
				23A1B2CC2AF3F8AA0072141A /* Debug */,
				23A1B2CD2AF3F8AA0072141A /* Release */,
			);
			defaultConfigurationIsVisible = 0;
			defaultConfigurationName = Release;
		};
		23A1B2CE2AF3F8AA0072141A /* Build configuration list for PBXNativeTarget "Messanger_Test" */ = {
			isa = XCConfigurationList;
			buildConfigurations = (
				23A1B2CF2AF3F8AA0072141A /* Debug */,
				23A1B2D02AF3F8AA0072141A /* Release */,
			);
			defaultConfigurationIsVisible = 0;
			defaultConfigurationName = Release;
		};
/* End XCConfigurationList section */

/* Begin XCRemoteSwiftPackageReference section */
		23A1B35A2AF7FD210072141A /* XCRemoteSwiftPackageReference "firebase-ios-sdk" */ = {
			isa = XCRemoteSwiftPackageReference;
			repositoryURL = "https://github.com/firebase/firebase-ios-sdk";
			requirement = {
				kind = upToNextMajorVersion;
				minimumVersion = 10.17.0;
			};
		};
/* End XCRemoteSwiftPackageReference section */

/* Begin XCSwiftPackageProductDependency section */
		23A1B35B2AF7FD210072141A /* FirebaseAnalytics */ = {
			isa = XCSwiftPackageProductDependency;
			package = 23A1B35A2AF7FD210072141A /* XCRemoteSwiftPackageReference "firebase-ios-sdk" */;
			productName = FirebaseAnalytics;
		};
		23A1B35D2AF7FD210072141A /* FirebaseAnalyticsOnDeviceConversion */ = {
			isa = XCSwiftPackageProductDependency;
			package = 23A1B35A2AF7FD210072141A /* XCRemoteSwiftPackageReference "firebase-ios-sdk" */;
			productName = FirebaseAnalyticsOnDeviceConversion;
		};
		23A1B35F2AF7FD210072141A /* FirebaseAnalyticsSwift */ = {
			isa = XCSwiftPackageProductDependency;
			package = 23A1B35A2AF7FD210072141A /* XCRemoteSwiftPackageReference "firebase-ios-sdk" */;
			productName = FirebaseAnalyticsSwift;
		};
		23A1B3612AF7FD210072141A /* FirebaseAnalyticsWithoutAdIdSupport */ = {
			isa = XCSwiftPackageProductDependency;
			package = 23A1B35A2AF7FD210072141A /* XCRemoteSwiftPackageReference "firebase-ios-sdk" */;
			productName = FirebaseAnalyticsWithoutAdIdSupport;
		};
		23A1B3632AF7FD210072141A /* FirebaseAppCheck */ = {
			isa = XCSwiftPackageProductDependency;
			package = 23A1B35A2AF7FD210072141A /* XCRemoteSwiftPackageReference "firebase-ios-sdk" */;
			productName = FirebaseAppCheck;
		};
/* End XCSwiftPackageProductDependency section */
	};
	rootObject = 23A1B2B22AF3F8A90072141A /* Project object */;
}
